
Microsoft Visual Studio Solution File, Format Version 12.00
# Visual Studio Version 16
VisualStudioVersion = 16.0.29306.81
MinimumVisualStudioVersion = 10.0.40219.1
Project("{FAE04EC0-301F-11D3-BF4B-00C04F79EFBC}") = "RecordKeeperProgram", "RecordKeeperProgram\RecordKeeperProgram.csproj", "{A45DE15C-7EF5-4221-B631-05CFEBDB56AA}"
EndProject
Global
	GlobalSection(SolutionConfigurationPlatforms) = preSolution
		Debug|Any CPU = Debug|Any CPU
		Release|Any CPU = Release|Any CPU
	EndGlobalSection
	GlobalSection(ProjectConfigurationPlatforms) = postSolution
		{A45DE15C-7EF5-4221-B631-05CFEBDB56AA}.Debug|Any CPU.ActiveCfg = Debug|Any CPU
		{A45DE15C-7EF5-4221-B631-05CFEBDB56AA}.Debug|Any CPU.Build.0 = Debug|Any CPU
		{A45DE15C-7EF5-4221-B631-05CFEBDB56AA}.Release|Any CPU.ActiveCfg = Release|Any CPU
		{A45DE15C-7EF5-4221-B631-05CFEBDB56AA}.Release|Any CPU.Build.0 = Release|Any CPU
	EndGlobalSection
	GlobalSection(SolutionProperties) = preSolution
		HideSolutionNode = FALSE
	EndGlobalSection
	GlobalSection(ExtensibilityGlobals) = postSolution
		SolutionGuid = {FD58AEF9-C22E-4225-92A1-137B5119B273}
	EndGlobalSection
EndGlobal
